
Microsoft Visual Studio Solution File, Format Version 12.00
# Visual Studio Version 16
VisualStudioVersion = 16.0.31410.357
MinimumVisualStudioVersion = 10.0.40219.1
Project("{FAE04EC0-301F-11D3-BF4B-00C04F79EFBC}") = "StarPyramid", "StarPyramid\StarPyramid.csproj", "{071A772C-7FF7-46B4-82E2-4A1F4A84DEE0}"
EndProject
Global
	GlobalSection(SolutionConfigurationPlatforms) = preSolution
		Debug|Any CPU = Debug|Any CPU
		Release|Any CPU = Release|Any CPU
	EndGlobalSection
	GlobalSection(ProjectConfigurationPlatforms) = postSolution
		{071A772C-7FF7-46B4-82E2-4A1F4A84DEE0}.Debug|Any CPU.ActiveCfg = Debug|Any CPU
		{071A772C-7FF7-46B4-82E2-4A1F4A84DEE0}.Debug|Any CPU.Build.0 = Debug|Any CPU
		{071A772C-7FF7-46B4-82E2-4A1F4A84DEE0}.Release|Any CPU.ActiveCfg = Release|Any CPU
		{071A772C-7FF7-46B4-82E2-4A1F4A84DEE0}.Release|Any CPU.Build.0 = Release|Any CPU
	EndGlobalSection
	GlobalSection(SolutionProperties) = preSolution
		HideSolutionNode = FALSE
	EndGlobalSection
	GlobalSection(ExtensibilityGlobals) = postSolution
		SolutionGuid = {092BE6F9-EEEE-40B8-B8BA-589FC8E20E5F}
	EndGlobalSection
EndGlobal
